
Microsoft Visual Studio Solution File, Format Version 12.00
# Visual Studio Version 16
VisualStudioVersion = 16.0.29215.179
MinimumVisualStudioVersion = 10.0.40219.1
Project("{8BC9CEB8-8B4A-11D0-8D11-00A0C91BC942}") = "IntroToTemplates", "IntroToTemplates\IntroToTemplates.vcxproj", "{785BC9CA-E3E7-4B81-8958-69B1665E7DA6}"
EndProject
Project("{8BC9CEB8-8B4A-11D0-8D11-00A0C91BC942}") = "Assignment1", "Assignment1\Assignment1.vcxproj", "{EF148B57-6882-4922-82BC-80D03BE915BD}"
EndProject
Project("{8BC9CEB8-8B4A-11D0-8D11-00A0C91BC942}") = "ArgumentDeductionAndInstantiation", "ArgumentDeductionAndInstantiation\ArgumentDeductionAndInstantiation.vcxproj", "{AE07FAB2-59AF-470F-94E9-EA1A70861973}"
EndProject
Project("{8BC9CEB8-8B4A-11D0-8D11-00A0C91BC942}") = "ExplicitSpecialization", "ExplicitSpecialization\ExplicitSpecialization.vcxproj", "{EAA1C77A-6E97-42B9-9333-EA2C3BA3D65D}"
EndProject
Project("{8BC9CEB8-8B4A-11D0-8D11-00A0C91BC942}") = "NonTypeTemplateArguments", "NonTypeTemplateArguments\NonTypeTemplateArguments.vcxproj", "{B360AE66-C28A-4FEF-8291-FDEC3E8C7F60}"
EndProject
Project("{8BC9CEB8-8B4A-11D0-8D11-00A0C91BC942}") = "Assignment2", "Assignment2\Assignment2.vcxproj", "{BE92E8BE-E9FB-4C58-8140-2D4D5BCC4A63}"
EndProject
Project("{8BC9CEB8-8B4A-11D0-8D11-00A0C91BC942}") = "VariadicTemplates", "VariadicTemplates\VariadicTemplates.vcxproj", "{A46C6B51-59D0-43B3-8032-1B7F9A739105}"
EndProject
Project("{8BC9CEB8-8B4A-11D0-8D11-00A0C91BC942}") = "ClassTemplates", "ClassTemplates\ClassTemplates.vcxproj", "{B461A5EB-5F47-4D74-BEF2-8E8E1BBD3EB2}"
EndProject
Project("{8BC9CEB8-8B4A-11D0-8D11-00A0C91BC942}") = "ClassTemplatesExplicitSpecialization", "ClassTemplatesExplicitSpecialization\ClassTemplatesExplicitSpecialization.vcxproj", "{9D989A7B-763C-4F1A-972D-379AF041557C}"
EndProject
Project("{8BC9CEB8-8B4A-11D0-8D11-00A0C91BC942}") = "ClassTemplatePartialSpecialization", "ClassTemplatePartialSpecialization\ClassTemplatePartialSpecialization.vcxproj", "{315CC3CE-ADF6-4C2B-BF58-A6B656BB3C38}"
EndProject
Project("{8BC9CEB8-8B4A-11D0-8D11-00A0C91BC942}") = "TypeAliases", "TypeAliases\TypeAliases.vcxproj", "{E681F10B-DC4F-4677-AB75-F4300ADFA82C}"
EndProject
Project("{8BC9CEB8-8B4A-11D0-8D11-00A0C91BC942}") = "Assignment3", "Assignment3\Assignment3.vcxproj", "{DF7F8E83-C6FA-4DED-BBBD-FB65D3D02E78}"
EndProject
Global
	GlobalSection(SolutionConfigurationPlatforms) = preSolution
		Debug|x64 = Debug|x64
		Debug|x86 = Debug|x86
		Release|x64 = Release|x64
		Release|x86 = Release|x86
	EndGlobalSection
	GlobalSection(ProjectConfigurationPlatforms) = postSolution
		{785BC9CA-E3E7-4B81-8958-69B1665E7DA6}.Debug|x64.ActiveCfg = Debug|x64
		{785BC9CA-E3E7-4B81-8958-69B1665E7DA6}.Debug|x64.Build.0 = Debug|x64
		{785BC9CA-E3E7-4B81-8958-69B1665E7DA6}.Debug|x86.ActiveCfg = Debug|Win32
		{785BC9CA-E3E7-4B81-8958-69B1665E7DA6}.Debug|x86.Build.0 = Debug|Win32
		{785BC9CA-E3E7-4B81-8958-69B1665E7DA6}.Release|x64.ActiveCfg = Release|x64
		{785BC9CA-E3E7-4B81-8958-69B1665E7DA6}.Release|x64.Build.0 = Release|x64
		{785BC9CA-E3E7-4B81-8958-69B1665E7DA6}.Release|x86.ActiveCfg = Release|Win32
		{785BC9CA-E3E7-4B81-8958-69B1665E7DA6}.Release|x86.Build.0 = Release|Win32
		{EF148B57-6882-4922-82BC-80D03BE915BD}.Debug|x64.ActiveCfg = Debug|x64
		{EF148B57-6882-4922-82BC-80D03BE915BD}.Debug|x64.Build.0 = Debug|x64
		{EF148B57-6882-4922-82BC-80D03BE915BD}.Debug|x86.ActiveCfg = Debug|Win32
		{EF148B57-6882-4922-82BC-80D03BE915BD}.Debug|x86.Build.0 = Debug|Win32
		{EF148B57-6882-4922-82BC-80D03BE915BD}.Release|x64.ActiveCfg = Release|x64
		{EF148B57-6882-4922-82BC-80D03BE915BD}.Release|x64.Build.0 = Release|x64
		{EF148B57-6882-4922-82BC-80D03BE915BD}.Release|x86.ActiveCfg = Release|Win32
		{EF148B57-6882-4922-82BC-80D03BE915BD}.Release|x86.Build.0 = Release|Win32
		{AE07FAB2-59AF-470F-94E9-EA1A70861973}.Debug|x64.ActiveCfg = Debug|x64
		{AE07FAB2-59AF-470F-94E9-EA1A70861973}.Debug|x64.Build.0 = Debug|x64
		{AE07FAB2-59AF-470F-94E9-EA1A70861973}.Debug|x86.ActiveCfg = Debug|Win32
		{AE07FAB2-59AF-470F-94E9-EA1A70861973}.Debug|x86.Build.0 = Debug|Win32
		{AE07FAB2-59AF-470F-94E9-EA1A70861973}.Release|x64.ActiveCfg = Release|x64
		{AE07FAB2-59AF-470F-94E9-EA1A70861973}.Release|x64.Build.0 = Release|x64
		{AE07FAB2-59AF-470F-94E9-EA1A70861973}.Release|x86.ActiveCfg = Release|Win32
		{AE07FAB2-59AF-470F-94E9-EA1A70861973}.Release|x86.Build.0 = Release|Win32
		{EAA1C77A-6E97-42B9-9333-EA2C3BA3D65D}.Debug|x64.ActiveCfg = Debug|x64
		{EAA1C77A-6E97-42B9-9333-EA2C3BA3D65D}.Debug|x64.Build.0 = Debug|x64
		{EAA1C77A-6E97-42B9-9333-EA2C3BA3D65D}.Debug|x86.ActiveCfg = Debug|Win32
		{EAA1C77A-6E97-42B9-9333-EA2C3BA3D65D}.Debug|x86.Build.0 = Debug|Win32
		{EAA1C77A-6E97-42B9-9333-EA2C3BA3D65D}.Release|x64.ActiveCfg = Release|x64
		{EAA1C77A-6E97-42B9-9333-EA2C3BA3D65D}.Release|x64.Build.0 = Release|x64
		{EAA1C77A-6E97-42B9-9333-EA2C3BA3D65D}.Release|x86.ActiveCfg = Release|Win32
		{EAA1C77A-6E97-42B9-9333-EA2C3BA3D65D}.Release|x86.Build.0 = Release|Win32
		{B360AE66-C28A-4FEF-8291-FDEC3E8C7F60}.Debug|x64.ActiveCfg = Debug|x64
		{B360AE66-C28A-4FEF-8291-FDEC3E8C7F60}.Debug|x64.Build.0 = Debug|x64
		{B360AE66-C28A-4FEF-8291-FDEC3E8C7F60}.Debug|x86.ActiveCfg = Debug|Win32
		{B360AE66-C28A-4FEF-8291-FDEC3E8C7F60}.Debug|x86.Build.0 = Debug|Win32
		{B360AE66-C28A-4FEF-8291-FDEC3E8C7F60}.Release|x64.ActiveCfg = Release|x64
		{B360AE66-C28A-4FEF-8291-FDEC3E8C7F60}.Release|x64.Build.0 = Release|x64
		{B360AE66-C28A-4FEF-8291-FDEC3E8C7F60}.Release|x86.ActiveCfg = Release|Win32
		{B360AE66-C28A-4FEF-8291-FDEC3E8C7F60}.Release|x86.Build.0 = Release|Win32
		{BE92E8BE-E9FB-4C58-8140-2D4D5BCC4A63}.Debug|x64.ActiveCfg = Debug|x64
		{BE92E8BE-E9FB-4C58-8140-2D4D5BCC4A63}.Debug|x64.Build.0 = Debug|x64
		{BE92E8BE-E9FB-4C58-8140-2D4D5BCC4A63}.Debug|x86.ActiveCfg = Debug|Win32
		{BE92E8BE-E9FB-4C58-8140-2D4D5BCC4A63}.Debug|x86.Build.0 = Debug|Win32
		{BE92E8BE-E9FB-4C58-8140-2D4D5BCC4A63}.Release|x64.ActiveCfg = Release|x64
		{BE92E8BE-E9FB-4C58-8140-2D4D5BCC4A63}.Release|x64.Build.0 = Release|x64
		{BE92E8BE-E9FB-4C58-8140-2D4D5BCC4A63}.Release|x86.ActiveCfg = Release|Win32
		{BE92E8BE-E9FB-4C58-8140-2D4D5BCC4A63}.Release|x86.Build.0 = Release|Win32
		{A46C6B51-59D0-43B3-8032-1B7F9A739105}.Debug|x64.ActiveCfg = Debug|x64
		{A46C6B51-59D0-43B3-8032-1B7F9A739105}.Debug|x64.Build.0 = Debug|x64
		{A46C6B51-59D0-43B3-8032-1B7F9A739105}.Debug|x86.ActiveCfg = Debug|Win32
		{A46C6B51-59D0-43B3-8032-1B7F9A739105}.Debug|x86.Build.0 = Debug|Win32
		{A46C6B51-59D0-43B3-8032-1B7F9A739105}.Release|x64.ActiveCfg = Release|x64
		{A46C6B51-59D0-43B3-8032-1B7F9A739105}.Release|x64.Build.0 = Release|x64
		{A46C6B51-59D0-43B3-8032-1B7F9A739105}.Release|x86.ActiveCfg = Release|Win32
		{A46C6B51-59D0-43B3-8032-1B7F9A739105}.Release|x86.Build.0 = Release|Win32
		{B461A5EB-5F47-4D74-BEF2-8E8E1BBD3EB2}.Debug|x64.ActiveCfg = Debug|x64
		{B461A5EB-5F47-4D74-BEF2-8E8E1BBD3EB2}.Debug|x64.Build.0 = Debug|x64
		{B461A5EB-5F47-4D74-BEF2-8E8E1BBD3EB2}.Debug|x86.ActiveCfg = Debug|Win32
		{B461A5EB-5F47-4D74-BEF2-8E8E1BBD3EB2}.Debug|x86.Build.0 = Debug|Win32
		{B461A5EB-5F47-4D74-BEF2-8E8E1BBD3EB2}.Release|x64.ActiveCfg = Release|x64
		{B461A5EB-5F47-4D74-BEF2-8E8E1BBD3EB2}.Release|x64.Build.0 = Release|x64
		{B461A5EB-5F47-4D74-BEF2-8E8E1BBD3EB2}.Release|x86.ActiveCfg = Release|Win32
		{B461A5EB-5F47-4D74-BEF2-8E8E1BBD3EB2}.Release|x86.Build.0 = Release|Win32
		{9D989A7B-763C-4F1A-972D-379AF041557C}.Debug|x64.ActiveCfg = Debug|x64
		{9D989A7B-763C-4F1A-972D-379AF041557C}.Debug|x64.Build.0 = Debug|x64
		{9D989A7B-763C-4F1A-972D-379AF041557C}.Debug|x86.ActiveCfg = Debug|Win32
		{9D989A7B-763C-4F1A-972D-379AF041557C}.Debug|x86.Build.0 = Debug|Win32
		{9D989A7B-763C-4F1A-972D-379AF041557C}.Release|x64.ActiveCfg = Release|x64
		{9D989A7B-763C-4F1A-972D-379AF041557C}.Release|x64.Build.0 = Release|x64
		{9D989A7B-763C-4F1A-972D-379AF041557C}.Release|x86.ActiveCfg = Release|Win32
		{9D989A7B-763C-4F1A-972D-379AF041557C}.Release|x86.Build.0 = Release|Win32
		{315CC3CE-ADF6-4C2B-BF58-A6B656BB3C38}.Debug|x64.ActiveCfg = Debug|x64
		{315CC3CE-ADF6-4C2B-BF58-A6B656BB3C38}.Debug|x64.Build.0 = Debug|x64
		{315CC3CE-ADF6-4C2B-BF58-A6B656BB3C38}.Debug|x86.ActiveCfg = Debug|Win32
		{315CC3CE-ADF6-4C2B-BF58-A6B656BB3C38}.Debug|x86.Build.0 = Debug|Win32
		{315CC3CE-ADF6-4C2B-BF58-A6B656BB3C38}.Release|x64.ActiveCfg = Release|x64
		{315CC3CE-ADF6-4C2B-BF58-A6B656BB3C38}.Release|x64.Build.0 = Release|x64
		{315CC3CE-ADF6-4C2B-BF58-A6B656BB3C38}.Release|x86.ActiveCfg = Release|Win32
		{315CC3CE-ADF6-4C2B-BF58-A6B656BB3C38}.Release|x86.Build.0 = Release|Win32
		{E681F10B-DC4F-4677-AB75-F4300ADFA82C}.Debug|x64.ActiveCfg = Debug|x64
		{E681F10B-DC4F-4677-AB75-F4300ADFA82C}.Debug|x64.Build.0 = Debug|x64
		{E681F10B-DC4F-4677-AB75-F4300ADFA82C}.Debug|x86.ActiveCfg = Debug|Win32
		{E681F10B-DC4F-4677-AB75-F4300ADFA82C}.Debug|x86.Build.0 = Debug|Win32
		{E681F10B-DC4F-4677-AB75-F4300ADFA82C}.Release|x64.ActiveCfg = Release|x64
		{E681F10B-DC4F-4677-AB75-F4300ADFA82C}.Release|x64.Build.0 = Release|x64
		{E681F10B-DC4F-4677-AB75-F4300ADFA82C}.Release|x86.ActiveCfg = Release|Win32
		{E681F10B-DC4F-4677-AB75-F4300ADFA82C}.Release|x86.Build.0 = Release|Win32
		{DF7F8E83-C6FA-4DED-BBBD-FB65D3D02E78}.Debug|x64.ActiveCfg = Debug|x64
		{DF7F8E83-C6FA-4DED-BBBD-FB65D3D02E78}.Debug|x64.Build.0 = Debug|x64
		{DF7F8E83-C6FA-4DED-BBBD-FB65D3D02E78}.Debug|x86.ActiveCfg = Debug|Win32
		{DF7F8E83-C6FA-4DED-BBBD-FB65D3D02E78}.Debug|x86.Build.0 = Debug|Win32
		{DF7F8E83-C6FA-4DED-BBBD-FB65D3D02E78}.Release|x64.ActiveCfg = Release|x64
		{DF7F8E83-C6FA-4DED-BBBD-FB65D3D02E78}.Release|x64.Build.0 = Release|x64
		{DF7F8E83-C6FA-4DED-BBBD-FB65D3D02E78}.Release|x86.ActiveCfg = Release|Win32
		{DF7F8E83-C6FA-4DED-BBBD-FB65D3D02E78}.Release|x86.Build.0 = Release|Win32
	EndGlobalSection
	GlobalSection(SolutionProperties) = preSolution
		HideSolutionNode = FALSE
	EndGlobalSection
	GlobalSection(ExtensibilityGlobals) = postSolution
		SolutionGuid = {741D98AA-2339-4DEB-9C85-A9B26F219EDF}
	EndGlobalSection
EndGlobal
