
Microsoft Visual Studio Solution File, Format Version 12.00
# Visual Studio Version 16
VisualStudioVersion = 16.0.29215.179
MinimumVisualStudioVersion = 10.0.40219.1
Project("{8BC9CEB8-8B4A-11D0-8D11-00A0C91BC942}") = "IntroToTemplates", "IntroToTemplates\IntroToTemplates.vcxproj", "{785BC9CA-E3E7-4B81-8958-69B1665E7DA6}"
EndProject
Global
	GlobalSection(SolutionConfigurationPlatforms) = preSolution
		Debug|x64 = Debug|x64
		Debug|x86 = Debug|x86
		Release|x64 = Release|x64
		Release|x86 = Release|x86
	EndGlobalSection
	GlobalSection(ProjectConfigurationPlatforms) = postSolution
		{785BC9CA-E3E7-4B81-8958-69B1665E7DA6}.Debug|x64.ActiveCfg = Debug|x64
		{785BC9CA-E3E7-4B81-8958-69B1665E7DA6}.Debug|x64.Build.0 = Debug|x64
		{785BC9CA-E3E7-4B81-8958-69B1665E7DA6}.Debug|x86.ActiveCfg = Debug|Win32
		{785BC9CA-E3E7-4B81-8958-69B1665E7DA6}.Debug|x86.Build.0 = Debug|Win32
		{785BC9CA-E3E7-4B81-8958-69B1665E7DA6}.Release|x64.ActiveCfg = Release|x64
		{785BC9CA-E3E7-4B81-8958-69B1665E7DA6}.Release|x64.Build.0 = Release|x64
		{785BC9CA-E3E7-4B81-8958-69B1665E7DA6}.Release|x86.ActiveCfg = Release|Win32
		{785BC9CA-E3E7-4B81-8958-69B1665E7DA6}.Release|x86.Build.0 = Release|Win32
	EndGlobalSection
	GlobalSection(SolutionProperties) = preSolution
		HideSolutionNode = FALSE
	EndGlobalSection
	GlobalSection(ExtensibilityGlobals) = postSolution
		SolutionGuid = {741D98AA-2339-4DEB-9C85-A9B26F219EDF}
	EndGlobalSection
EndGlobal
